{
  "name": "backend",
  "lockfileVersion": 3,
  "requires": true,
  "packages": {
    "": {
      "dependencies": {
        "eventlet": "^0.1.0"
      }
    },
    "node_modules/eventlet": {
      "version": "0.1.0",
      "resolved": "https://registry.npmjs.org/eventlet/-/eventlet-0.1.0.tgz",
      "integrity": "sha512-6s2sk1H9B8wT57gG/CUnGEqeZC8EJ6WXROTUx0cjcQvdOmKSkrlckO3BW67631JsBziEaO+KYb5kdgc69/UnSA==",
      "license": "Unlicense"
    }
  }
}
